// !$*UTF8*$!
{
	archiveVersion = 1;
	classes = {
	};
	objectVersion = 50;
	objects = {

/* Begin PBXBuildFile section */
		0F3E0C6B25CAC96600BA5CE3 /* AppDelegate.swift in Sources */ = {isa = PBXBuildFile; fileRef = 0F3E0C6A25CAC96600BA5CE3 /* AppDelegate.swift */; };
		0F3E0C6D25CAC96600BA5CE3 /* SceneDelegate.swift in Sources */ = {isa = PBXBuildFile; fileRef = 0F3E0C6C25CAC96600BA5CE3 /* SceneDelegate.swift */; };
		0F3E0C7225CAC96600BA5CE3 /* Main.storyboard in Resources */ = {isa = PBXBuildFile; fileRef = 0F3E0C7025CAC96600BA5CE3 /* Main.storyboard */; };
		0F3E0C7425CAC96800BA5CE3 /* Assets.xcassets in Resources */ = {isa = PBXBuildFile; fileRef = 0F3E0C7325CAC96800BA5CE3 /* Assets.xcassets */; };
		0F3E0C7725CAC96800BA5CE3 /* LaunchScreen.storyboard in Resources */ = {isa = PBXBuildFile; fileRef = 0F3E0C7525CAC96800BA5CE3 /* LaunchScreen.storyboard */; };
		0F3E0C8225CAC96800BA5CE3 /* track_ListTests.swift in Sources */ = {isa = PBXBuildFile; fileRef = 0F3E0C8125CAC96800BA5CE3 /* track_ListTests.swift */; };
		0F3E0C8D25CAC96800BA5CE3 /* track_ListUITests.swift in Sources */ = {isa = PBXBuildFile; fileRef = 0F3E0C8C25CAC96800BA5CE3 /* track_ListUITests.swift */; };
		0F3E0CAE25CACB2600BA5CE3 /* DetailViewController.swift in Sources */ = {isa = PBXBuildFile; fileRef = 0F3E0CAD25CACB2600BA5CE3 /* DetailViewController.swift */; };
		0F3E0CB625CACB6400BA5CE3 /* TarackListTableViewController.swift in Sources */ = {isa = PBXBuildFile; fileRef = 0F3E0CB525CACB6400BA5CE3 /* TarackListTableViewController.swift */; };
		0F3E0CBB25CAD17800BA5CE3 /* Song.swift in Sources */ = {isa = PBXBuildFile; fileRef = 0F3E0CBA25CAD17800BA5CE3 /* Song.swift */; };
		0F3E0CC025CAD21200BA5CE3 /* DataManager.swift in Sources */ = {isa = PBXBuildFile; fileRef = 0F3E0CBF25CAD21200BA5CE3 /* DataManager.swift */; };
/* End PBXBuildFile section */

/* Begin PBXContainerItemProxy section */
		0F3E0C7E25CAC96800BA5CE3 /* PBXContainerItemProxy */ = {
			isa = PBXContainerItemProxy;
			containerPortal = 0F3E0C5F25CAC96600BA5CE3 /* Project object */;
			proxyType = 1;
			remoteGlobalIDString = 0F3E0C6625CAC96600BA5CE3;
			remoteInfo = "track List";
		};
		0F3E0C8925CAC96800BA5CE3 /* PBXContainerItemProxy */ = {
			isa = PBXContainerItemProxy;
			containerPortal = 0F3E0C5F25CAC96600BA5CE3 /* Project object */;
			proxyType = 1;
			remoteGlobalIDString = 0F3E0C6625CAC96600BA5CE3;
			remoteInfo = "track List";
		};
/* End PBXContainerItemProxy section */

/* Begin PBXFileReference section */
		0F3E0C6725CAC96600BA5CE3 /* track List.app */ = {isa = PBXFileReference; explicitFileType = wrapper.application; includeInIndex = 0; path = "track List.app"; sourceTree = BUILT_PRODUCTS_DIR; };
		0F3E0C6A25CAC96600BA5CE3 /* AppDelegate.swift */ = {isa = PBXFileReference; lastKnownFileType = sourcecode.swift; path = AppDelegate.swift; sourceTree = "<group>"; };
		0F3E0C6C25CAC96600BA5CE3 /* SceneDelegate.swift */ = {isa = PBXFileReference; lastKnownFileType = sourcecode.swift; path = SceneDelegate.swift; sourceTree = "<group>"; };
		0F3E0C7125CAC96600BA5CE3 /* Base */ = {isa = PBXFileReference; lastKnownFileType = file.storyboard; name = Base; path = Base.lproj/Main.storyboard; sourceTree = "<group>"; };
		0F3E0C7325CAC96800BA5CE3 /* Assets.xcassets */ = {isa = PBXFileReference; lastKnownFileType = folder.assetcatalog; path = Assets.xcassets; sourceTree = "<group>"; };
		0F3E0C7625CAC96800BA5CE3 /* Base */ = {isa = PBXFileReference; lastKnownFileType = file.storyboard; name = Base; path = Base.lproj/LaunchScreen.storyboard; sourceTree = "<group>"; };
		0F3E0C7825CAC96800BA5CE3 /* Info.plist */ = {isa = PBXFileReference; lastKnownFileType = text.plist.xml; path = Info.plist; sourceTree = "<group>"; };
		0F3E0C7D25CAC96800BA5CE3 /* track ListTests.xctest */ = {isa = PBXFileReference; explicitFileType = wrapper.cfbundle; includeInIndex = 0; path = "track ListTests.xctest"; sourceTree = BUILT_PRODUCTS_DIR; };
		0F3E0C8125CAC96800BA5CE3 /* track_ListTests.swift */ = {isa = PBXFileReference; lastKnownFileType = sourcecode.swift; path = track_ListTests.swift; sourceTree = "<group>"; };
		0F3E0C8325CAC96800BA5CE3 /* Info.plist */ = {isa = PBXFileReference; lastKnownFileType = text.plist.xml; path = Info.plist; sourceTree = "<group>"; };
		0F3E0C8825CAC96800BA5CE3 /* track ListUITests.xctest */ = {isa = PBXFileReference; explicitFileType = wrapper.cfbundle; includeInIndex = 0; path = "track ListUITests.xctest"; sourceTree = BUILT_PRODUCTS_DIR; };
		0F3E0C8C25CAC96800BA5CE3 /* track_ListUITests.swift */ = {isa = PBXFileReference; lastKnownFileType = sourcecode.swift; path = track_ListUITests.swift; sourceTree = "<group>"; };
		0F3E0C8E25CAC96800BA5CE3 /* Info.plist */ = {isa = PBXFileReference; lastKnownFileType = text.plist.xml; path = Info.plist; sourceTree = "<group>"; };
		0F3E0CAD25CACB2600BA5CE3 /* DetailViewController.swift */ = {isa = PBXFileReference; lastKnownFileType = sourcecode.swift; path = DetailViewController.swift; sourceTree = "<group>"; };
		0F3E0CB525CACB6400BA5CE3 /* TarackListTableViewController.swift */ = {isa = PBXFileReference; lastKnownFileType = sourcecode.swift; path = TarackListTableViewController.swift; sourceTree = "<group>"; };
		0F3E0CBA25CAD17800BA5CE3 /* Song.swift */ = {isa = PBXFileReference; lastKnownFileType = sourcecode.swift; path = Song.swift; sourceTree = "<group>"; };
		0F3E0CBF25CAD21200BA5CE3 /* DataManager.swift */ = {isa = PBXFileReference; lastKnownFileType = sourcecode.swift; path = DataManager.swift; sourceTree = "<group>"; };
/* End PBXFileReference section */

/* Begin PBXFrameworksBuildPhase section */
		0F3E0C6425CAC96600BA5CE3 /* Frameworks */ = {
			isa = PBXFrameworksBuildPhase;
			buildActionMask = 2147483647;
			files = (
			);
			runOnlyForDeploymentPostprocessing = 0;
		};
		0F3E0C7A25CAC96800BA5CE3 /* Frameworks */ = {
			isa = PBXFrameworksBuildPhase;
			buildActionMask = 2147483647;
			files = (
			);
			runOnlyForDeploymentPostprocessing = 0;
		};
		0F3E0C8525CAC96800BA5CE3 /* Frameworks */ = {
			isa = PBXFrameworksBuildPhase;
			buildActionMask = 2147483647;
			files = (
			);
			runOnlyForDeploymentPostprocessing = 0;
		};
/* End PBXFrameworksBuildPhase section */

/* Begin PBXGroup section */
		0F3E0C5E25CAC96600BA5CE3 = {
			isa = PBXGroup;
			children = (
				0F3E0C6925CAC96600BA5CE3 /* track List */,
				0F3E0C8025CAC96800BA5CE3 /* track ListTests */,
				0F3E0C8B25CAC96800BA5CE3 /* track ListUITests */,
				0F3E0C6825CAC96600BA5CE3 /* Products */,
			);
			sourceTree = "<group>";
		};
		0F3E0C6825CAC96600BA5CE3 /* Products */ = {
			isa = PBXGroup;
			children = (
				0F3E0C6725CAC96600BA5CE3 /* track List.app */,
				0F3E0C7D25CAC96800BA5CE3 /* track ListTests.xctest */,
				0F3E0C8825CAC96800BA5CE3 /* track ListUITests.xctest */,
			);
			name = Products;
			sourceTree = "<group>";
		};
		0F3E0C6925CAC96600BA5CE3 /* track List */ = {
			isa = PBXGroup;
			children = (
				0F3E0C9D25CAC9AE00BA5CE3 /* Delegete */,
				0F3E0CA425CACA4600BA5CE3 /* Model manager */,
				0F3E0CA225CACA1300BA5CE3 /* Controlers */,
				0F3E0CA325CACA3800BA5CE3 /* Model */,
				0F3E0CA125CACA0200BA5CE3 /* View */,
				0F3E0C7325CAC96800BA5CE3 /* Assets.xcassets */,
				0F3E0C7825CAC96800BA5CE3 /* Info.plist */,
			);
			path = "track List";
			sourceTree = "<group>";
		};
		0F3E0C8025CAC96800BA5CE3 /* track ListTests */ = {
			isa = PBXGroup;
			children = (
				0F3E0C8125CAC96800BA5CE3 /* track_ListTests.swift */,
				0F3E0C8325CAC96800BA5CE3 /* Info.plist */,
			);
			path = "track ListTests";
			sourceTree = "<group>";
		};
		0F3E0C8B25CAC96800BA5CE3 /* track ListUITests */ = {
			isa = PBXGroup;
			children = (
				0F3E0C8C25CAC96800BA5CE3 /* track_ListUITests.swift */,
				0F3E0C8E25CAC96800BA5CE3 /* Info.plist */,
			);
			path = "track ListUITests";
			sourceTree = "<group>";
		};
		0F3E0C9D25CAC9AE00BA5CE3 /* Delegete */ = {
			isa = PBXGroup;
			children = (
				0F3E0C6C25CAC96600BA5CE3 /* SceneDelegate.swift */,
				0F3E0C6A25CAC96600BA5CE3 /* AppDelegate.swift */,
			);
			path = Delegete;
			sourceTree = "<group>";
		};
		0F3E0CA125CACA0200BA5CE3 /* View */ = {
			isa = PBXGroup;
			children = (
				0F3E0C7525CAC96800BA5CE3 /* LaunchScreen.storyboard */,
				0F3E0C7025CAC96600BA5CE3 /* Main.storyboard */,
			);
			path = View;
			sourceTree = "<group>";
		};
		0F3E0CA225CACA1300BA5CE3 /* Controlers */ = {
			isa = PBXGroup;
			children = (
				0F3E0CAD25CACB2600BA5CE3 /* DetailViewController.swift */,
				0F3E0CB525CACB6400BA5CE3 /* TarackListTableViewController.swift */,
			);
			path = Controlers;
			sourceTree = "<group>";
		};
		0F3E0CA325CACA3800BA5CE3 /* Model */ = {
			isa = PBXGroup;
			children = (
				0F3E0CBA25CAD17800BA5CE3 /* Song.swift */,
			);
			path = Model;
			sourceTree = "<group>";
		};
		0F3E0CA425CACA4600BA5CE3 /* Model manager */ = {
			isa = PBXGroup;
			children = (
				0F3E0CBF25CAD21200BA5CE3 /* DataManager.swift */,
			);
			path = "Model manager";
			sourceTree = "<group>";
		};
/* End PBXGroup section */

/* Begin PBXNativeTarget section */
		0F3E0C6625CAC96600BA5CE3 /* track List */ = {
			isa = PBXNativeTarget;
			buildConfigurationList = 0F3E0C9125CAC96800BA5CE3 /* Build configuration list for PBXNativeTarget "track List" */;
			buildPhases = (
				0F3E0C6325CAC96600BA5CE3 /* Sources */,
				0F3E0C6425CAC96600BA5CE3 /* Frameworks */,
				0F3E0C6525CAC96600BA5CE3 /* Resources */,
			);
			buildRules = (
			);
			dependencies = (
			);
			name = "track List";
			productName = "track List";
			productReference = 0F3E0C6725CAC96600BA5CE3 /* track List.app */;
			productType = "com.apple.product-type.application";
		};
		0F3E0C7C25CAC96800BA5CE3 /* track ListTests */ = {
			isa = PBXNativeTarget;
			buildConfigurationList = 0F3E0C9425CAC96800BA5CE3 /* Build configuration list for PBXNativeTarget "track ListTests" */;
			buildPhases = (
				0F3E0C7925CAC96800BA5CE3 /* Sources */,
				0F3E0C7A25CAC96800BA5CE3 /* Frameworks */,
				0F3E0C7B25CAC96800BA5CE3 /* Resources */,
			);
			buildRules = (
			);
			dependencies = (
				0F3E0C7F25CAC96800BA5CE3 /* PBXTargetDependency */,
			);
			name = "track ListTests";
			productName = "track ListTests";
			productReference = 0F3E0C7D25CAC96800BA5CE3 /* track ListTests.xctest */;
			productType = "com.apple.product-type.bundle.unit-test";
		};
		0F3E0C8725CAC96800BA5CE3 /* track ListUITests */ = {
			isa = PBXNativeTarget;
			buildConfigurationList = 0F3E0C9725CAC96800BA5CE3 /* Build configuration list for PBXNativeTarget "track ListUITests" */;
			buildPhases = (
				0F3E0C8425CAC96800BA5CE3 /* Sources */,
				0F3E0C8525CAC96800BA5CE3 /* Frameworks */,
				0F3E0C8625CAC96800BA5CE3 /* Resources */,
			);
			buildRules = (
			);
			dependencies = (
				0F3E0C8A25CAC96800BA5CE3 /* PBXTargetDependency */,
			);
			name = "track ListUITests";
			productName = "track ListUITests";
			productReference = 0F3E0C8825CAC96800BA5CE3 /* track ListUITests.xctest */;
			productType = "com.apple.product-type.bundle.ui-testing";
		};
/* End PBXNativeTarget section */

/* Begin PBXProject section */
		0F3E0C5F25CAC96600BA5CE3 /* Project object */ = {
			isa = PBXProject;
			attributes = {
				LastSwiftUpdateCheck = 1230;
				LastUpgradeCheck = 1230;
				TargetAttributes = {
					0F3E0C6625CAC96600BA5CE3 = {
						CreatedOnToolsVersion = 12.3;
					};
					0F3E0C7C25CAC96800BA5CE3 = {
						CreatedOnToolsVersion = 12.3;
						TestTargetID = 0F3E0C6625CAC96600BA5CE3;
					};
					0F3E0C8725CAC96800BA5CE3 = {
						CreatedOnToolsVersion = 12.3;
						TestTargetID = 0F3E0C6625CAC96600BA5CE3;
					};
				};
			};
			buildConfigurationList = 0F3E0C6225CAC96600BA5CE3 /* Build configuration list for PBXProject "track List" */;
			compatibilityVersion = "Xcode 9.3";
			developmentRegion = en;
			hasScannedForEncodings = 0;
			knownRegions = (
				en,
				Base,
			);
			mainGroup = 0F3E0C5E25CAC96600BA5CE3;
			productRefGroup = 0F3E0C6825CAC96600BA5CE3 /* Products */;
			projectDirPath = "";
			projectRoot = "";
			targets = (
				0F3E0C6625CAC96600BA5CE3 /* track List */,
				0F3E0C7C25CAC96800BA5CE3 /* track ListTests */,
				0F3E0C8725CAC96800BA5CE3 /* track ListUITests */,
			);
		};
/* End PBXProject section */

/* Begin PBXResourcesBuildPhase section */
		0F3E0C6525CAC96600BA5CE3 /* Resources */ = {
			isa = PBXResourcesBuildPhase;
			buildActionMask = 2147483647;
			files = (
				0F3E0C7725CAC96800BA5CE3 /* LaunchScreen.storyboard in Resources */,
				0F3E0C7425CAC96800BA5CE3 /* Assets.xcassets in Resources */,
				0F3E0C7225CAC96600BA5CE3 /* Main.storyboard in Resources */,
			);
			runOnlyForDeploymentPostprocessing = 0;
		};
		0F3E0C7B25CAC96800BA5CE3 /* Resources */ = {
			isa = PBXResourcesBuildPhase;
			buildActionMask = 2147483647;
			files = (
			);
			runOnlyForDeploymentPostprocessing = 0;
		};
		0F3E0C8625CAC96800BA5CE3 /* Resources */ = {
			isa = PBXResourcesBuildPhase;
			buildActionMask = 2147483647;
			files = (
			);
			runOnlyForDeploymentPostprocessing = 0;
		};
/* End PBXResourcesBuildPhase section */

/* Begin PBXSourcesBuildPhase section */
		0F3E0C6325CAC96600BA5CE3 /* Sources */ = {
			isa = PBXSourcesBuildPhase;
			buildActionMask = 2147483647;
			files = (
				0F3E0C6B25CAC96600BA5CE3 /* AppDelegate.swift in Sources */,
				0F3E0CC025CAD21200BA5CE3 /* DataManager.swift in Sources */,
				0F3E0C6D25CAC96600BA5CE3 /* SceneDelegate.swift in Sources */,
				0F3E0CAE25CACB2600BA5CE3 /* DetailViewController.swift in Sources */,
				0F3E0CB625CACB6400BA5CE3 /* TarackListTableViewController.swift in Sources */,
				0F3E0CBB25CAD17800BA5CE3 /* Song.swift in Sources */,
			);
			runOnlyForDeploymentPostprocessing = 0;
		};
		0F3E0C7925CAC96800BA5CE3 /* Sources */ = {
			isa = PBXSourcesBuildPhase;
			buildActionMask = 2147483647;
			files = (
				0F3E0C8225CAC96800BA5CE3 /* track_ListTests.swift in Sources */,
			);
			runOnlyForDeploymentPostprocessing = 0;
		};
		0F3E0C8425CAC96800BA5CE3 /* Sources */ = {
			isa = PBXSourcesBuildPhase;
			buildActionMask = 2147483647;
			files = (
				0F3E0C8D25CAC96800BA5CE3 /* track_ListUITests.swift in Sources */,
			);
			runOnlyForDeploymentPostprocessing = 0;
		};
/* End PBXSourcesBuildPhase section */

/* Begin PBXTargetDependency section */
		0F3E0C7F25CAC96800BA5CE3 /* PBXTargetDependency */ = {
			isa = PBXTargetDependency;
			target = 0F3E0C6625CAC96600BA5CE3 /* track List */;
			targetProxy = 0F3E0C7E25CAC96800BA5CE3 /* PBXContainerItemProxy */;
		};
		0F3E0C8A25CAC96800BA5CE3 /* PBXTargetDependency */ = {
			isa = PBXTargetDependency;
			target = 0F3E0C6625CAC96600BA5CE3 /* track List */;
			targetProxy = 0F3E0C8925CAC96800BA5CE3 /* PBXContainerItemProxy */;
		};
/* End PBXTargetDependency section */

/* Begin PBXVariantGroup section */
		0F3E0C7025CAC96600BA5CE3 /* Main.storyboard */ = {
			isa = PBXVariantGroup;
			children = (
				0F3E0C7125CAC96600BA5CE3 /* Base */,
			);
			name = Main.storyboard;
			sourceTree = "<group>";
		};
		0F3E0C7525CAC96800BA5CE3 /* LaunchScreen.storyboard */ = {
			isa = PBXVariantGroup;
			children = (
				0F3E0C7625CAC96800BA5CE3 /* Base */,
			);
			name = LaunchScreen.storyboard;
			sourceTree = "<group>";
		};
/* End PBXVariantGroup section */

/* Begin XCBuildConfiguration section */
		0F3E0C8F25CAC96800BA5CE3 /* Debug */ = {
			isa = XCBuildConfiguration;
			buildSettings = {
				ALWAYS_SEARCH_USER_PATHS = NO;
				CLANG_ANALYZER_NONNULL = YES;
				CLANG_ANALYZER_NUMBER_OBJECT_CONVERSION = YES_AGGRESSIVE;
				CLANG_CXX_LANGUAGE_STANDARD = "gnu++14";
				CLANG_CXX_LIBRARY = "libc++";
				CLANG_ENABLE_MODULES = YES;
				CLANG_ENABLE_OBJC_ARC = YES;
				CLANG_ENABLE_OBJC_WEAK = YES;
				CLANG_WARN_BLOCK_CAPTURE_AUTORELEASING = YES;
				CLANG_WARN_BOOL_CONVERSION = YES;
				CLANG_WARN_COMMA = YES;
				CLANG_WARN_CONSTANT_CONVERSION = YES;
				CLANG_WARN_DEPRECATED_OBJC_IMPLEMENTATIONS = YES;
				CLANG_WARN_DIRECT_OBJC_ISA_USAGE = YES_ERROR;
				CLANG_WARN_DOCUMENTATION_COMMENTS = YES;
				CLANG_WARN_EMPTY_BODY = YES;
				CLANG_WARN_ENUM_CONVERSION = YES;
				CLANG_WARN_INFINITE_RECURSION = YES;
				CLANG_WARN_INT_CONVERSION = YES;
				CLANG_WARN_NON_LITERAL_NULL_CONVERSION = YES;
				CLANG_WARN_OBJC_IMPLICIT_RETAIN_SELF = YES;
				CLANG_WARN_OBJC_LITERAL_CONVERSION = YES;
				CLANG_WARN_OBJC_ROOT_CLASS = YES_ERROR;
				CLANG_WARN_QUOTED_INCLUDE_IN_FRAMEWORK_HEADER = YES;
				CLANG_WARN_RANGE_LOOP_ANALYSIS = YES;
				CLANG_WARN_STRICT_PROTOTYPES = YES;
				CLANG_WARN_SUSPICIOUS_MOVE = YES;
				CLANG_WARN_UNGUARDED_AVAILABILITY = YES_AGGRESSIVE;
				CLANG_WARN_UNREACHABLE_CODE = YES;
				CLANG_WARN__DUPLICATE_METHOD_MATCH = YES;
				COPY_PHASE_STRIP = NO;
				DEBUG_INFORMATION_FORMAT = dwarf;
				ENABLE_STRICT_OBJC_MSGSEND = YES;
				ENABLE_TESTABILITY = YES;
				GCC_C_LANGUAGE_STANDARD = gnu11;
				GCC_DYNAMIC_NO_PIC = NO;
				GCC_NO_COMMON_BLOCKS = YES;
				GCC_OPTIMIZATION_LEVEL = 0;
				GCC_PREPROCESSOR_DEFINITIONS = (
					"DEBUG=1",
					"$(inherited)",
				);
				GCC_WARN_64_TO_32_BIT_CONVERSION = YES;
				GCC_WARN_ABOUT_RETURN_TYPE = YES_ERROR;
				GCC_WARN_UNDECLARED_SELECTOR = YES;
				GCC_WARN_UNINITIALIZED_AUTOS = YES_AGGRESSIVE;
				GCC_WARN_UNUSED_FUNCTION = YES;
				GCC_WARN_UNUSED_VARIABLE = YES;
				IPHONEOS_DEPLOYMENT_TARGET = 14.3;
				MTL_ENABLE_DEBUG_INFO = INCLUDE_SOURCE;
				MTL_FAST_MATH = YES;
				ONLY_ACTIVE_ARCH = YES;
				SDKROOT = iphoneos;
				SWIFT_ACTIVE_COMPILATION_CONDITIONS = DEBUG;
				SWIFT_OPTIMIZATION_LEVEL = "-Onone";
			};
			name = Debug;
		};
		0F3E0C9025CAC96800BA5CE3 /* Release */ = {
			isa = XCBuildConfiguration;
			buildSettings = {
				ALWAYS_SEARCH_USER_PATHS = NO;
				CLANG_ANALYZER_NONNULL = YES;
				CLANG_ANALYZER_NUMBER_OBJECT_CONVERSION = YES_AGGRESSIVE;
				CLANG_CXX_LANGUAGE_STANDARD = "gnu++14";
				CLANG_CXX_LIBRARY = "libc++";
				CLANG_ENABLE_MODULES = YES;
				CLANG_ENABLE_OBJC_ARC = YES;
				CLANG_ENABLE_OBJC_WEAK = YES;
				CLANG_WARN_BLOCK_CAPTURE_AUTORELEASING = YES;
				CLANG_WARN_BOOL_CONVERSION = YES;
				CLANG_WARN_COMMA = YES;
				CLANG_WARN_CONSTANT_CONVERSION = YES;
				CLANG_WARN_DEPRECATED_OBJC_IMPLEMENTATIONS = YES;
				CLANG_WARN_DIRECT_OBJC_ISA_USAGE = YES_ERROR;
				CLANG_WARN_DOCUMENTATION_COMMENTS = YES;
				CLANG_WARN_EMPTY_BODY = YES;
				CLANG_WARN_ENUM_CONVERSION = YES;
				CLANG_WARN_INFINITE_RECURSION = YES;
				CLANG_WARN_INT_CONVERSION = YES;
				CLANG_WARN_NON_LITERAL_NULL_CONVERSION = YES;
				CLANG_WARN_OBJC_IMPLICIT_RETAIN_SELF = YES;
				CLANG_WARN_OBJC_LITERAL_CONVERSION = YES;
				CLANG_WARN_OBJC_ROOT_CLASS = YES_ERROR;
				CLANG_WARN_QUOTED_INCLUDE_IN_FRAMEWORK_HEADER = YES;
				CLANG_WARN_RANGE_LOOP_ANALYSIS = YES;
				CLANG_WARN_STRICT_PROTOTYPES = YES;
				CLANG_WARN_SUSPICIOUS_MOVE = YES;
				CLANG_WARN_UNGUARDED_AVAILABILITY = YES_AGGRESSIVE;
				CLANG_WARN_UNREACHABLE_CODE = YES;
				CLANG_WARN__DUPLICATE_METHOD_MATCH = YES;
				COPY_PHASE_STRIP = NO;
				DEBUG_INFORMATION_FORMAT = "dwarf-with-dsym";
				ENABLE_NS_ASSERTIONS = NO;
				ENABLE_STRICT_OBJC_MSGSEND = YES;
				GCC_C_LANGUAGE_STANDARD = gnu11;
				GCC_NO_COMMON_BLOCKS = YES;
				GCC_WARN_64_TO_32_BIT_CONVERSION = YES;
				GCC_WARN_ABOUT_RETURN_TYPE = YES_ERROR;
				GCC_WARN_UNDECLARED_SELECTOR = YES;
				GCC_WARN_UNINITIALIZED_AUTOS = YES_AGGRESSIVE;
				GCC_WARN_UNUSED_FUNCTION = YES;
				GCC_WARN_UNUSED_VARIABLE = YES;
				IPHONEOS_DEPLOYMENT_TARGET = 14.3;
				MTL_ENABLE_DEBUG_INFO = NO;
				MTL_FAST_MATH = YES;
				SDKROOT = iphoneos;
				SWIFT_COMPILATION_MODE = wholemodule;
				SWIFT_OPTIMIZATION_LEVEL = "-O";
				VALIDATE_PRODUCT = YES;
			};
			name = Release;
		};
		0F3E0C9225CAC96800BA5CE3 /* Debug */ = {
			isa = XCBuildConfiguration;
			buildSettings = {
				ASSETCATALOG_COMPILER_APPICON_NAME = AppIcon;
				ASSETCATALOG_COMPILER_GLOBAL_ACCENT_COLOR_NAME = AccentColor;
				CODE_SIGN_STYLE = Automatic;
				INFOPLIST_FILE = "track List/Info.plist";
				LD_RUNPATH_SEARCH_PATHS = (
					"$(inherited)",
					"@executable_path/Frameworks",
				);
				PRODUCT_BUNDLE_IDENTIFIER = "lv.accenture.bootcamp.track-List";
				PRODUCT_NAME = "$(TARGET_NAME)";
				SWIFT_VERSION = 5.0;
				TARGETED_DEVICE_FAMILY = "1,2";
			};
			name = Debug;
		};
		0F3E0C9325CAC96800BA5CE3 /* Release */ = {
			isa = XCBuildConfiguration;
			buildSettings = {
				ASSETCATALOG_COMPILER_APPICON_NAME = AppIcon;
				ASSETCATALOG_COMPILER_GLOBAL_ACCENT_COLOR_NAME = AccentColor;
				CODE_SIGN_STYLE = Automatic;
				INFOPLIST_FILE = "track List/Info.plist";
				LD_RUNPATH_SEARCH_PATHS = (
					"$(inherited)",
					"@executable_path/Frameworks",
				);
				PRODUCT_BUNDLE_IDENTIFIER = "lv.accenture.bootcamp.track-List";
				PRODUCT_NAME = "$(TARGET_NAME)";
				SWIFT_VERSION = 5.0;
				TARGETED_DEVICE_FAMILY = "1,2";
			};
			name = Release;
		};
		0F3E0C9525CAC96800BA5CE3 /* Debug */ = {
			isa = XCBuildConfiguration;
			buildSettings = {
				ALWAYS_EMBED_SWIFT_STANDARD_LIBRARIES = YES;
				BUNDLE_LOADER = "$(TEST_HOST)";
				CODE_SIGN_STYLE = Automatic;
				INFOPLIST_FILE = "track ListTests/Info.plist";
				IPHONEOS_DEPLOYMENT_TARGET = 14.3;
				LD_RUNPATH_SEARCH_PATHS = (
					"$(inherited)",
					"@executable_path/Frameworks",
					"@loader_path/Frameworks",
				);
				PRODUCT_BUNDLE_IDENTIFIER = "lv.accenture.bootcamp.track-ListTests";
				PRODUCT_NAME = "$(TARGET_NAME)";
				SWIFT_VERSION = 5.0;
				TARGETED_DEVICE_FAMILY = "1,2";
				TEST_HOST = "$(BUILT_PRODUCTS_DIR)/track List.app/track List";
			};
			name = Debug;
		};
		0F3E0C9625CAC96800BA5CE3 /* Release */ = {
			isa = XCBuildConfiguration;
			buildSettings = {
				ALWAYS_EMBED_SWIFT_STANDARD_LIBRARIES = YES;
				BUNDLE_LOADER = "$(TEST_HOST)";
				CODE_SIGN_STYLE = Automatic;
				INFOPLIST_FILE = "track ListTests/Info.plist";
				IPHONEOS_DEPLOYMENT_TARGET = 14.3;
				LD_RUNPATH_SEARCH_PATHS = (
					"$(inherited)",
					"@executable_path/Frameworks",
					"@loader_path/Frameworks",
				);
				PRODUCT_BUNDLE_IDENTIFIER = "lv.accenture.bootcamp.track-ListTests";
				PRODUCT_NAME = "$(TARGET_NAME)";
				SWIFT_VERSION = 5.0;
				TARGETED_DEVICE_FAMILY = "1,2";
				TEST_HOST = "$(BUILT_PRODUCTS_DIR)/track List.app/track List";
			};
			name = Release;
		};
		0F3E0C9825CAC96800BA5CE3 /* Debug */ = {
			isa = XCBuildConfiguration;
			buildSettings = {
				ALWAYS_EMBED_SWIFT_STANDARD_LIBRARIES = YES;
				CODE_SIGN_STYLE = Automatic;
				INFOPLIST_FILE = "track ListUITests/Info.plist";
				LD_RUNPATH_SEARCH_PATHS = (
					"$(inherited)",
					"@executable_path/Frameworks",
					"@loader_path/Frameworks",
				);
				PRODUCT_BUNDLE_IDENTIFIER = "lv.accenture.bootcamp.track-ListUITests";
				PRODUCT_NAME = "$(TARGET_NAME)";
				SWIFT_VERSION = 5.0;
				TARGETED_DEVICE_FAMILY = "1,2";
				TEST_TARGET_NAME = "track List";
			};
			name = Debug;
		};
		0F3E0C9925CAC96800BA5CE3 /* Release */ = {
			isa = XCBuildConfiguration;
			buildSettings = {
				ALWAYS_EMBED_SWIFT_STANDARD_LIBRARIES = YES;
				CODE_SIGN_STYLE = Automatic;
				INFOPLIST_FILE = "track ListUITests/Info.plist";
				LD_RUNPATH_SEARCH_PATHS = (
					"$(inherited)",
					"@executable_path/Frameworks",
					"@loader_path/Frameworks",
				);
				PRODUCT_BUNDLE_IDENTIFIER = "lv.accenture.bootcamp.track-ListUITests";
				PRODUCT_NAME = "$(TARGET_NAME)";
				SWIFT_VERSION = 5.0;
				TARGETED_DEVICE_FAMILY = "1,2";
				TEST_TARGET_NAME = "track List";
			};
			name = Release;
		};
/* End XCBuildConfiguration section */

/* Begin XCConfigurationList section */
		0F3E0C6225CAC96600BA5CE3 /* Build configuration list for PBXProject "track List" */ = {
			isa = XCConfigurationList;
			buildConfigurations = (
				0F3E0C8F25CAC96800BA5CE3 /* Debug */,
				0F3E0C9025CAC96800BA5CE3 /* Release */,
			);
			defaultConfigurationIsVisible = 0;
			defaultConfigurationName = Release;
		};
		0F3E0C9125CAC96800BA5CE3 /* Build configuration list for PBXNativeTarget "track List" */ = {
			isa = XCConfigurationList;
			buildConfigurations = (
				0F3E0C9225CAC96800BA5CE3 /* Debug */,
				0F3E0C9325CAC96800BA5CE3 /* Release */,
			);
			defaultConfigurationIsVisible = 0;
			defaultConfigurationName = Release;
		};
		0F3E0C9425CAC96800BA5CE3 /* Build configuration list for PBXNativeTarget "track ListTests" */ = {
			isa = XCConfigurationList;
			buildConfigurations = (
				0F3E0C9525CAC96800BA5CE3 /* Debug */,
				0F3E0C9625CAC96800BA5CE3 /* Release */,
			);
			defaultConfigurationIsVisible = 0;
			defaultConfigurationName = Release;
		};
		0F3E0C9725CAC96800BA5CE3 /* Build configuration list for PBXNativeTarget "track ListUITests" */ = {
			isa = XCConfigurationList;
			buildConfigurations = (
				0F3E0C9825CAC96800BA5CE3 /* Debug */,
				0F3E0C9925CAC96800BA5CE3 /* Release */,
			);
			defaultConfigurationIsVisible = 0;
			defaultConfigurationName = Release;
		};
/* End XCConfigurationList section */
	};
	rootObject = 0F3E0C5F25CAC96600BA5CE3 /* Project object */;
}
